
Microsoft Visual Studio Solution File, Format Version 12.00
# Visual Studio Version 17
VisualStudioVersion = 17.14.36915.13 d17.14
MinimumVisualStudioVersion = 10.0.40219.1
Project("{FAE04EC0-301F-11D3-BF4B-00C04F79EFBC}") = "Controls", "Controls\Controls.csproj", "{D6FBB9CB-76E5-4D2D-B714-AA69D947204C}"
EndProject
Global
	GlobalSection(SolutionConfigurationPlatforms) = preSolution
		Debug|Any CPU = Debug|Any CPU
		Release|Any CPU = Release|Any CPU
	EndGlobalSection
	GlobalSection(ProjectConfigurationPlatforms) = postSolution
		{D6FBB9CB-76E5-4D2D-B714-AA69D947204C}.Debug|Any CPU.ActiveCfg = Debug|Any CPU
		{D6FBB9CB-76E5-4D2D-B714-AA69D947204C}.Debug|Any CPU.Build.0 = Debug|Any CPU
		{D6FBB9CB-76E5-4D2D-B714-AA69D947204C}.Release|Any CPU.ActiveCfg = Release|Any CPU
		{D6FBB9CB-76E5-4D2D-B714-AA69D947204C}.Release|Any CPU.Build.0 = Release|Any CPU
	EndGlobalSection
	GlobalSection(SolutionProperties) = preSolution
		HideSolutionNode = FALSE
	EndGlobalSection
	GlobalSection(ExtensibilityGlobals) = postSolution
		SolutionGuid = {4C435322-6E2D-4094-A12E-C1C0535E50D9}
	EndGlobalSection
EndGlobal
